
Microsoft Visual Studio Solution File, Format Version 12.00
# Visual Studio Version 17
VisualStudioVersion = 17.14.36603.0
MinimumVisualStudioVersion = 10.0.40219.1
Project("{FAE04EC0-301F-11D3-BF4B-00C04F79EFBC}") = "Lab1_CorpRaz", "Lab1_CorpRaz.csproj", "{A5B0C71D-34CD-46B0-B461-47F0E6CF2BBD}"
EndProject
Project("{2150E333-8FDC-42A3-9474-1A3956D46DE8}") = "Museum", "Museum", "{36D591C7-65C7-A0D1-1CBC-10CDE441BDC8}"
EndProject
Project("{FAE04EC0-301F-11D3-BF4B-00C04F79EFBC}") = "Museum.Domain", "Museum.Domain\Museum.Domain.csproj", "{C2688C28-066D-40A9-A033-A8D24589625F}"
EndProject
Project("{FAE04EC0-301F-11D3-BF4B-00C04F79EFBC}") = "Museum.Tests", "Museum.Tests\Museum.Tests.csproj", "{4613B449-98F6-40B4-B7B6-A38CD6B29667}"
EndProject
Global
	GlobalSection(SolutionConfigurationPlatforms) = preSolution
		Debug|Any CPU = Debug|Any CPU
		Release|Any CPU = Release|Any CPU
	EndGlobalSection
	GlobalSection(ProjectConfigurationPlatforms) = postSolution
		{A5B0C71D-34CD-46B0-B461-47F0E6CF2BBD}.Debug|Any CPU.ActiveCfg = Debug|Any CPU
		{A5B0C71D-34CD-46B0-B461-47F0E6CF2BBD}.Debug|Any CPU.Build.0 = Debug|Any CPU
		{A5B0C71D-34CD-46B0-B461-47F0E6CF2BBD}.Release|Any CPU.ActiveCfg = Release|Any CPU
		{A5B0C71D-34CD-46B0-B461-47F0E6CF2BBD}.Release|Any CPU.Build.0 = Release|Any CPU
		{C2688C28-066D-40A9-A033-A8D24589625F}.Debug|Any CPU.ActiveCfg = Debug|Any CPU
		{C2688C28-066D-40A9-A033-A8D24589625F}.Debug|Any CPU.Build.0 = Debug|Any CPU
		{C2688C28-066D-40A9-A033-A8D24589625F}.Release|Any CPU.ActiveCfg = Release|Any CPU
		{C2688C28-066D-40A9-A033-A8D24589625F}.Release|Any CPU.Build.0 = Release|Any CPU
		{4613B449-98F6-40B4-B7B6-A38CD6B29667}.Debug|Any CPU.ActiveCfg = Debug|Any CPU
		{4613B449-98F6-40B4-B7B6-A38CD6B29667}.Debug|Any CPU.Build.0 = Debug|Any CPU
		{4613B449-98F6-40B4-B7B6-A38CD6B29667}.Release|Any CPU.ActiveCfg = Release|Any CPU
		{4613B449-98F6-40B4-B7B6-A38CD6B29667}.Release|Any CPU.Build.0 = Release|Any CPU
	EndGlobalSection
	GlobalSection(SolutionProperties) = preSolution
		HideSolutionNode = FALSE
	EndGlobalSection
	GlobalSection(NestedProjects) = preSolution
		{C2688C28-066D-40A9-A033-A8D24589625F} = {36D591C7-65C7-A0D1-1CBC-10CDE441BDC8}
	EndGlobalSection
	GlobalSection(ExtensibilityGlobals) = postSolution
		SolutionGuid = {A92BC7C6-8EFB-43A0-A251-F9260E7FB165}
	EndGlobalSection
EndGlobal
